// !$*UTF8*$!
{
	archiveVersion = 1;
	classes = {
	};
	objectVersion = 45;
	objects = {

/* Begin PBXBuildFile section */
		9090E9E212E81D73000F1EB7 /* CorePlatform.h in Headers */ = {isa = PBXBuildFile; fileRef = 9090E9C512E81D73000F1EB7 /* CorePlatform.h */; settings = {ATTRIBUTES = (Public, ); }; };
		9090E9E312E81D73000F1EB7 /* CPAnnotations.h in Headers */ = {isa = PBXBuildFile; fileRef = 9090E9C612E81D73000F1EB7 /* CPAnnotations.h */; settings = {ATTRIBUTES = (Public, ); }; };
		9090E9E412E81D73000F1EB7 /* CPArray.c in Sources */ = {isa = PBXBuildFile; fileRef = 9090E9C712E81D73000F1EB7 /* CPArray.c */; };
		9090E9E512E81D73000F1EB7 /* CPArray.h in Headers */ = {isa = PBXBuildFile; fileRef = 9090E9C812E81D73000F1EB7 /* CPArray.h */; settings = {ATTRIBUTES = (Public, ); }; };
		9090E9E612E81D73000F1EB7 /* CPAtomic.h in Headers */ = {isa = PBXBuildFile; fileRef = 9090E9C912E81D73000F1EB7 /* CPAtomic.h */; settings = {ATTRIBUTES = (Public, ); }; };
		9090E9E712E81D73000F1EB7 /* CPCodeUtilities.h in Headers */ = {isa = PBXBuildFile; fileRef = 9090E9CA12E81D73000F1EB7 /* CPCodeUtilities.h */; settings = {ATTRIBUTES = (Public, ); }; };
		9090E9E812E81D73000F1EB7 /* CPCommon.h in Headers */ = {isa = PBXBuildFile; fileRef = 9090E9CB12E81D73000F1EB7 /* CPCommon.h */; settings = {ATTRIBUTES = (Public, ); }; };
		9090E9E912E81D73000F1EB7 /* CPConfig.h in Headers */ = {isa = PBXBuildFile; fileRef = 9090E9CC12E81D73000F1EB7 /* CPConfig.h */; settings = {ATTRIBUTES = (Public, ); }; };
		9090E9EA12E81D73000F1EB7 /* CPDebugging.h in Headers */ = {isa = PBXBuildFile; fileRef = 9090E9CD12E81D73000F1EB7 /* CPDebugging.h */; settings = {ATTRIBUTES = (Public, ); }; };
		9090E9EB12E81D73000F1EB7 /* CPLinkedList.c in Sources */ = {isa = PBXBuildFile; fileRef = 9090E9CE12E81D73000F1EB7 /* CPLinkedList.c */; };
		9090E9EC12E81D73000F1EB7 /* CPLinkedList.h in Headers */ = {isa = PBXBuildFile; fileRef = 9090E9CF12E81D73000F1EB7 /* CPLinkedList.h */; settings = {ATTRIBUTES = (Public, ); }; };
		9090E9ED12E81D73000F1EB7 /* CPMath.h in Headers */ = {isa = PBXBuildFile; fileRef = 9090E9D012E81D73000F1EB7 /* CPMath.h */; settings = {ATTRIBUTES = (Public, ); }; };
		9090E9EE12E81D73000F1EB7 /* CPMemory.c in Sources */ = {isa = PBXBuildFile; fileRef = 9090E9D112E81D73000F1EB7 /* CPMemory.c */; };
		9090E9EF12E81D73000F1EB7 /* CPMemory.h in Headers */ = {isa = PBXBuildFile; fileRef = 9090E9D212E81D73000F1EB7 /* CPMemory.h */; settings = {ATTRIBUTES = (Public, ); }; };
		9090E9F012E81D73000F1EB7 /* CPObject.c in Sources */ = {isa = PBXBuildFile; fileRef = 9090E9D312E81D73000F1EB7 /* CPObject.c */; };
		9090E9F112E81D73000F1EB7 /* CPObject.h in Headers */ = {isa = PBXBuildFile; fileRef = 9090E9D412E81D73000F1EB7 /* CPObject.h */; settings = {ATTRIBUTES = (Public, ); }; };
		9090E9F212E81D73000F1EB7 /* CPPAL-OSX.c in Sources */ = {isa = PBXBuildFile; fileRef = 9090E9D512E81D73000F1EB7 /* CPPAL-OSX.c */; };
		9090E9F512E81D73000F1EB7 /* CPPAL.c in Sources */ = {isa = PBXBuildFile; fileRef = 9090E9D812E81D73000F1EB7 /* CPPAL.c */; };
		9090E9F612E81D73000F1EB7 /* CPPAL.h in Headers */ = {isa = PBXBuildFile; fileRef = 9090E9D912E81D73000F1EB7 /* CPPAL.h */; settings = {ATTRIBUTES = (Public, ); }; };
		9090E9F712E81D73000F1EB7 /* CPPlatform.h in Headers */ = {isa = PBXBuildFile; fileRef = 9090E9DA12E81D73000F1EB7 /* CPPlatform.h */; settings = {ATTRIBUTES = (Public, ); }; };
		9090E9F812E81D73000F1EB7 /* CPSafeMath.h in Headers */ = {isa = PBXBuildFile; fileRef = 9090E9DB12E81D73000F1EB7 /* CPSafeMath.h */; settings = {ATTRIBUTES = (Public, ); }; };
		9090E9F912E81D73000F1EB7 /* CPStr.h in Headers */ = {isa = PBXBuildFile; fileRef = 9090E9DC12E81D73000F1EB7 /* CPStr.h */; settings = {ATTRIBUTES = (Public, ); }; };
		9090E9FA12E81D73000F1EB7 /* CPString.c in Sources */ = {isa = PBXBuildFile; fileRef = 9090E9DD12E81D73000F1EB7 /* CPString.c */; };
		9090E9FB12E81D73000F1EB7 /* CPString.h in Headers */ = {isa = PBXBuildFile; fileRef = 9090E9DE12E81D73000F1EB7 /* CPString.h */; settings = {ATTRIBUTES = (Public, ); }; };
		9090E9FC12E81D73000F1EB7 /* CPTypes.h in Headers */ = {isa = PBXBuildFile; fileRef = 9090E9DF12E81D73000F1EB7 /* CPTypes.h */; settings = {ATTRIBUTES = (Public, ); }; };
		9090E9FD12E81D73000F1EB7 /* CPURL.c in Sources */ = {isa = PBXBuildFile; fileRef = 9090E9E012E81D73000F1EB7 /* CPURL.c */; };
		9090E9FE12E81D73000F1EB7 /* CPURL.h in Headers */ = {isa = PBXBuildFile; fileRef = 9090E9E112E81D73000F1EB7 /* CPURL.h */; settings = {ATTRIBUTES = (Public, ); }; };
		9090E9FF12E81D73000F1EB7 /* CorePlatform.h in Headers */ = {isa = PBXBuildFile; fileRef = 9090E9C512E81D73000F1EB7 /* CorePlatform.h */; settings = {ATTRIBUTES = (Public, ); }; };
		9090EA0012E81D73000F1EB7 /* CPAnnotations.h in Headers */ = {isa = PBXBuildFile; fileRef = 9090E9C612E81D73000F1EB7 /* CPAnnotations.h */; settings = {ATTRIBUTES = (Public, ); }; };
		9090EA0112E81D73000F1EB7 /* CPArray.c in Sources */ = {isa = PBXBuildFile; fileRef = 9090E9C712E81D73000F1EB7 /* CPArray.c */; };
		9090EA0212E81D73000F1EB7 /* CPArray.h in Headers */ = {isa = PBXBuildFile; fileRef = 9090E9C812E81D73000F1EB7 /* CPArray.h */; settings = {ATTRIBUTES = (Public, ); }; };
		9090EA0312E81D73000F1EB7 /* CPAtomic.h in Headers */ = {isa = PBXBuildFile; fileRef = 9090E9C912E81D73000F1EB7 /* CPAtomic.h */; settings = {ATTRIBUTES = (Public, ); }; };
		9090EA0412E81D73000F1EB7 /* CPCodeUtilities.h in Headers */ = {isa = PBXBuildFile; fileRef = 9090E9CA12E81D73000F1EB7 /* CPCodeUtilities.h */; settings = {ATTRIBUTES = (Public, ); }; };
		9090EA0512E81D73000F1EB7 /* CPCommon.h in Headers */ = {isa = PBXBuildFile; fileRef = 9090E9CB12E81D73000F1EB7 /* CPCommon.h */; settings = {ATTRIBUTES = (Public, ); }; };
		9090EA0612E81D73000F1EB7 /* CPConfig.h in Headers */ = {isa = PBXBuildFile; fileRef = 9090E9CC12E81D73000F1EB7 /* CPConfig.h */; settings = {ATTRIBUTES = (Public, ); }; };
		9090EA0712E81D73000F1EB7 /* CPDebugging.h in Headers */ = {isa = PBXBuildFile; fileRef = 9090E9CD12E81D73000F1EB7 /* CPDebugging.h */; settings = {ATTRIBUTES = (Public, ); }; };
		9090EA0812E81D73000F1EB7 /* CPLinkedList.c in Sources */ = {isa = PBXBuildFile; fileRef = 9090E9CE12E81D73000F1EB7 /* CPLinkedList.c */; };
		9090EA0912E81D73000F1EB7 /* CPLinkedList.h in Headers */ = {isa = PBXBuildFile; fileRef = 9090E9CF12E81D73000F1EB7 /* CPLinkedList.h */; settings = {ATTRIBUTES = (Public, ); }; };
		9090EA0A12E81D73000F1EB7 /* CPMath.h in Headers */ = {isa = PBXBuildFile; fileRef = 9090E9D012E81D73000F1EB7 /* CPMath.h */; settings = {ATTRIBUTES = (Public, ); }; };
		9090EA0B12E81D73000F1EB7 /* CPMemory.c in Sources */ = {isa = PBXBuildFile; fileRef = 9090E9D112E81D73000F1EB7 /* CPMemory.c */; };
		9090EA0C12E81D73000F1EB7 /* CPMemory.h in Headers */ = {isa = PBXBuildFile; fileRef = 9090E9D212E81D73000F1EB7 /* CPMemory.h */; settings = {ATTRIBUTES = (Public, ); }; };
		9090EA0D12E81D73000F1EB7 /* CPObject.c in Sources */ = {isa = PBXBuildFile; fileRef = 9090E9D312E81D73000F1EB7 /* CPObject.c */; };
		9090EA0E12E81D73000F1EB7 /* CPObject.h in Headers */ = {isa = PBXBuildFile; fileRef = 9090E9D412E81D73000F1EB7 /* CPObject.h */; settings = {ATTRIBUTES = (Public, ); }; };
		9090EA0F12E81D73000F1EB7 /* CPPAL-OSX.c in Sources */ = {isa = PBXBuildFile; fileRef = 9090E9D512E81D73000F1EB7 /* CPPAL-OSX.c */; };
		9090EA1212E81D73000F1EB7 /* CPPAL.c in Sources */ = {isa = PBXBuildFile; fileRef = 9090E9D812E81D73000F1EB7 /* CPPAL.c */; };
		9090EA1312E81D73000F1EB7 /* CPPAL.h in Headers */ = {isa = PBXBuildFile; fileRef = 9090E9D912E81D73000F1EB7 /* CPPAL.h */; settings = {ATTRIBUTES = (Public, ); }; };
		9090EA1412E81D73000F1EB7 /* CPPlatform.h in Headers */ = {isa = PBXBuildFile; fileRef = 9090E9DA12E81D73000F1EB7 /* CPPlatform.h */; settings = {ATTRIBUTES = (Public, ); }; };
		9090EA1512E81D73000F1EB7 /* CPSafeMath.h in Headers */ = {isa = PBXBuildFile; fileRef = 9090E9DB12E81D73000F1EB7 /* CPSafeMath.h */; settings = {ATTRIBUTES = (Public, ); }; };
		9090EA1612E81D73000F1EB7 /* CPStr.h in Headers */ = {isa = PBXBuildFile; fileRef = 9090E9DC12E81D73000F1EB7 /* CPStr.h */; settings = {ATTRIBUTES = (Public, ); }; };
		9090EA1712E81D73000F1EB7 /* CPString.c in Sources */ = {isa = PBXBuildFile; fileRef = 9090E9DD12E81D73000F1EB7 /* CPString.c */; };
		9090EA1812E81D73000F1EB7 /* CPString.h in Headers */ = {isa = PBXBuildFile; fileRef = 9090E9DE12E81D73000F1EB7 /* CPString.h */; settings = {ATTRIBUTES = (Public, ); }; };
		9090EA1912E81D73000F1EB7 /* CPTypes.h in Headers */ = {isa = PBXBuildFile; fileRef = 9090E9DF12E81D73000F1EB7 /* CPTypes.h */; settings = {ATTRIBUTES = (Public, ); }; };
		9090EA1A12E81D73000F1EB7 /* CPURL.c in Sources */ = {isa = PBXBuildFile; fileRef = 9090E9E012E81D73000F1EB7 /* CPURL.c */; };
		9090EA1B12E81D73000F1EB7 /* CPURL.h in Headers */ = {isa = PBXBuildFile; fileRef = 9090E9E112E81D73000F1EB7 /* CPURL.h */; settings = {ATTRIBUTES = (Public, ); }; };
/* End PBXBuildFile section */

/* Begin PBXFileReference section */
		907EB82912E24F0500D20413 /* libCorePlatform-iOS.a */ = {isa = PBXFileReference; explicitFileType = archive.ar; includeInIndex = 0; path = "libCorePlatform-iOS.a"; sourceTree = BUILT_PRODUCTS_DIR; };
		9090E9C512E81D73000F1EB7 /* CorePlatform.h */ = {isa = PBXFileReference; fileEncoding = 4; lastKnownFileType = sourcecode.c.h; name = CorePlatform.h; path = CorePlatform/CorePlatform.h; sourceTree = "<group>"; };
		9090E9C612E81D73000F1EB7 /* CPAnnotations.h */ = {isa = PBXFileReference; fileEncoding = 4; lastKnownFileType = sourcecode.c.h; name = CPAnnotations.h; path = CorePlatform/CPAnnotations.h; sourceTree = "<group>"; };
		9090E9C712E81D73000F1EB7 /* CPArray.c */ = {isa = PBXFileReference; fileEncoding = 4; lastKnownFileType = sourcecode.c.c; name = CPArray.c; path = CorePlatform/CPArray.c; sourceTree = "<group>"; };
		9090E9C812E81D73000F1EB7 /* CPArray.h */ = {isa = PBXFileReference; fileEncoding = 4; lastKnownFileType = sourcecode.c.h; name = CPArray.h; path = CorePlatform/CPArray.h; sourceTree = "<group>"; };
		9090E9C912E81D73000F1EB7 /* CPAtomic.h */ = {isa = PBXFileReference; fileEncoding = 4; lastKnownFileType = sourcecode.c.h; name = CPAtomic.h; path = CorePlatform/CPAtomic.h; sourceTree = "<group>"; };
		9090E9CA12E81D73000F1EB7 /* CPCodeUtilities.h */ = {isa = PBXFileReference; fileEncoding = 4; lastKnownFileType = sourcecode.c.h; name = CPCodeUtilities.h; path = CorePlatform/CPCodeUtilities.h; sourceTree = "<group>"; };
		9090E9CB12E81D73000F1EB7 /* CPCommon.h */ = {isa = PBXFileReference; fileEncoding = 4; lastKnownFileType = sourcecode.c.h; name = CPCommon.h; path = CorePlatform/CPCommon.h; sourceTree = "<group>"; };
		9090E9CC12E81D73000F1EB7 /* CPConfig.h */ = {isa = PBXFileReference; fileEncoding = 4; lastKnownFileType = sourcecode.c.h; name = CPConfig.h; path = CorePlatform/CPConfig.h; sourceTree = "<group>"; };
		9090E9CD12E81D73000F1EB7 /* CPDebugging.h */ = {isa = PBXFileReference; fileEncoding = 4; lastKnownFileType = sourcecode.c.h; name = CPDebugging.h; path = CorePlatform/CPDebugging.h; sourceTree = "<group>"; };
		9090E9CE12E81D73000F1EB7 /* CPLinkedList.c */ = {isa = PBXFileReference; fileEncoding = 4; lastKnownFileType = sourcecode.c.c; name = CPLinkedList.c; path = CorePlatform/CPLinkedList.c; sourceTree = "<group>"; };
		9090E9CF12E81D73000F1EB7 /* CPLinkedList.h */ = {isa = PBXFileReference; fileEncoding = 4; lastKnownFileType = sourcecode.c.h; name = CPLinkedList.h; path = CorePlatform/CPLinkedList.h; sourceTree = "<group>"; };
		9090E9D012E81D73000F1EB7 /* CPMath.h */ = {isa = PBXFileReference; fileEncoding = 4; lastKnownFileType = sourcecode.c.h; name = CPMath.h; path = CorePlatform/CPMath.h; sourceTree = "<group>"; };
		9090E9D112E81D73000F1EB7 /* CPMemory.c */ = {isa = PBXFileReference; fileEncoding = 4; lastKnownFileType = sourcecode.c.c; name = CPMemory.c; path = CorePlatform/CPMemory.c; sourceTree = "<group>"; };
		9090E9D212E81D73000F1EB7 /* CPMemory.h */ = {isa = PBXFileReference; fileEncoding = 4; lastKnownFileType = sourcecode.c.h; name = CPMemory.h; path = CorePlatform/CPMemory.h; sourceTree = "<group>"; };
		9090E9D312E81D73000F1EB7 /* CPObject.c */ = {isa = PBXFileReference; fileEncoding = 4; lastKnownFileType = sourcecode.c.c; name = CPObject.c; path = CorePlatform/CPObject.c; sourceTree = "<group>"; };
		9090E9D412E81D73000F1EB7 /* CPObject.h */ = {isa = PBXFileReference; fileEncoding = 4; lastKnownFileType = sourcecode.c.h; name = CPObject.h; path = CorePlatform/CPObject.h; sourceTree = "<group>"; };
		9090E9D512E81D73000F1EB7 /* CPPAL-OSX.c */ = {isa = PBXFileReference; fileEncoding = 4; lastKnownFileType = sourcecode.c.c; name = "CPPAL-OSX.c"; path = "CorePlatform/CPPAL-OSX.c"; sourceTree = "<group>"; };
		9090E9D612E81D73000F1EB7 /* CPPAL-POSIX.c */ = {isa = PBXFileReference; fileEncoding = 4; lastKnownFileType = sourcecode.c.c; name = "CPPAL-POSIX.c"; path = "CorePlatform/CPPAL-POSIX.c"; sourceTree = "<group>"; };
		9090E9D712E81D73000F1EB7 /* CPPAL-Win32.c */ = {isa = PBXFileReference; fileEncoding = 4; lastKnownFileType = sourcecode.c.c; name = "CPPAL-Win32.c"; path = "CorePlatform/CPPAL-Win32.c"; sourceTree = "<group>"; };
		9090E9D812E81D73000F1EB7 /* CPPAL.c */ = {isa = PBXFileReference; fileEncoding = 4; lastKnownFileType = sourcecode.c.c; name = CPPAL.c; path = CorePlatform/CPPAL.c; sourceTree = "<group>"; };
		9090E9D912E81D73000F1EB7 /* CPPAL.h */ = {isa = PBXFileReference; fileEncoding = 4; lastKnownFileType = sourcecode.c.h; name = CPPAL.h; path = CorePlatform/CPPAL.h; sourceTree = "<group>"; };
		9090E9DA12E81D73000F1EB7 /* CPPlatform.h */ = {isa = PBXFileReference; fileEncoding = 4; lastKnownFileType = sourcecode.c.h; name = CPPlatform.h; path = CorePlatform/CPPlatform.h; sourceTree = "<group>"; };
		9090E9DB12E81D73000F1EB7 /* CPSafeMath.h */ = {isa = PBXFileReference; fileEncoding = 4; lastKnownFileType = sourcecode.c.h; name = CPSafeMath.h; path = CorePlatform/CPSafeMath.h; sourceTree = "<group>"; };
		9090E9DC12E81D73000F1EB7 /* CPStr.h */ = {isa = PBXFileReference; fileEncoding = 4; lastKnownFileType = sourcecode.c.h; name = CPStr.h; path = CorePlatform/CPStr.h; sourceTree = "<group>"; };
		9090E9DD12E81D73000F1EB7 /* CPString.c */ = {isa = PBXFileReference; fileEncoding = 4; lastKnownFileType = sourcecode.c.c; name = CPString.c; path = CorePlatform/CPString.c; sourceTree = "<group>"; };
		9090E9DE12E81D73000F1EB7 /* CPString.h */ = {isa = PBXFileReference; fileEncoding = 4; lastKnownFileType = sourcecode.c.h; name = CPString.h; path = CorePlatform/CPString.h; sourceTree = "<group>"; };
		9090E9DF12E81D73000F1EB7 /* CPTypes.h */ = {isa = PBXFileReference; fileEncoding = 4; lastKnownFileType = sourcecode.c.h; name = CPTypes.h; path = CorePlatform/CPTypes.h; sourceTree = "<group>"; };
		9090E9E012E81D73000F1EB7 /* CPURL.c */ = {isa = PBXFileReference; fileEncoding = 4; lastKnownFileType = sourcecode.c.c; name = CPURL.c; path = CorePlatform/CPURL.c; sourceTree = "<group>"; };
		9090E9E112E81D73000F1EB7 /* CPURL.h */ = {isa = PBXFileReference; fileEncoding = 4; lastKnownFileType = sourcecode.c.h; name = CPURL.h; path = CorePlatform/CPURL.h; sourceTree = "<group>"; };
		D2AAC046055464E500DB518D /* libCorePlatform-OSX.a */ = {isa = PBXFileReference; explicitFileType = archive.ar; includeInIndex = 0; path = "libCorePlatform-OSX.a"; sourceTree = BUILT_PRODUCTS_DIR; };
/* End PBXFileReference section */

/* Begin PBXFrameworksBuildPhase section */
		907EB82712E24F0500D20413 /* Frameworks */ = {
			isa = PBXFrameworksBuildPhase;
			buildActionMask = 2147483647;
			files = (
			);
			runOnlyForDeploymentPostprocessing = 0;
		};
		D289987405E68DCB004EDB86 /* Frameworks */ = {
			isa = PBXFrameworksBuildPhase;
			buildActionMask = 2147483647;
			files = (
			);
			runOnlyForDeploymentPostprocessing = 0;
		};
/* End PBXFrameworksBuildPhase section */

/* Begin PBXGroup section */
		08FB7794FE84155DC02AAC07 /* CorePlatform */ = {
			isa = PBXGroup;
			children = (
				08FB7795FE84155DC02AAC07 /* Source */,
				C6A0FF2B0290797F04C91782 /* Documentation */,
				1AB674ADFE9D54B511CA2CBB /* Products */,
			);
			name = CorePlatform;
			sourceTree = "<group>";
		};
		08FB7795FE84155DC02AAC07 /* Source */ = {
			isa = PBXGroup;
			children = (
				9090E9C512E81D73000F1EB7 /* CorePlatform.h */,
				907EB86212E2505700D20413 /* Common */,
				907EB86412E2506700D20413 /* Types */,
				907EB86312E2506000D20413 /* PAL */,
			);
			name = Source;
			sourceTree = "<group>";
		};
		1AB674ADFE9D54B511CA2CBB /* Products */ = {
			isa = PBXGroup;
			children = (
				D2AAC046055464E500DB518D /* libCorePlatform-OSX.a */,
				907EB82912E24F0500D20413 /* libCorePlatform-iOS.a */,
			);
			name = Products;
			sourceTree = "<group>";
		};
		907EB86212E2505700D20413 /* Common */ = {
			isa = PBXGroup;
			children = (
				907EB97A12E29D8F00D20413 /* Math */,
				9090E9DA12E81D73000F1EB7 /* CPPlatform.h */,
				9090E9CC12E81D73000F1EB7 /* CPConfig.h */,
				9090E9DF12E81D73000F1EB7 /* CPTypes.h */,
				9090E9C612E81D73000F1EB7 /* CPAnnotations.h */,
				9090E9CA12E81D73000F1EB7 /* CPCodeUtilities.h */,
				9090E9C912E81D73000F1EB7 /* CPAtomic.h */,
				9090E9D212E81D73000F1EB7 /* CPMemory.h */,
				9090E9D112E81D73000F1EB7 /* CPMemory.c */,
				9090E9CD12E81D73000F1EB7 /* CPDebugging.h */,
				9090E9DC12E81D73000F1EB7 /* CPStr.h */,
				9090E9CB12E81D73000F1EB7 /* CPCommon.h */,
			);
			name = Common;
			sourceTree = "<group>";
		};
		907EB86312E2506000D20413 /* PAL */ = {
			isa = PBXGroup;
			children = (
				9090E9D912E81D73000F1EB7 /* CPPAL.h */,
				9090E9D812E81D73000F1EB7 /* CPPAL.c */,
				9090E9D512E81D73000F1EB7 /* CPPAL-OSX.c */,
				9090E9D612E81D73000F1EB7 /* CPPAL-POSIX.c */,
				9090E9D712E81D73000F1EB7 /* CPPAL-Win32.c */,
			);
			name = PAL;
			sourceTree = "<group>";
		};
		907EB86412E2506700D20413 /* Types */ = {
			isa = PBXGroup;
			children = (
				9090E9D412E81D73000F1EB7 /* CPObject.h */,
				9090E9D312E81D73000F1EB7 /* CPObject.c */,
				9090E9C812E81D73000F1EB7 /* CPArray.h */,
				9090E9C712E81D73000F1EB7 /* CPArray.c */,
				9090E9CF12E81D73000F1EB7 /* CPLinkedList.h */,
				9090E9CE12E81D73000F1EB7 /* CPLinkedList.c */,
				9090E9DE12E81D73000F1EB7 /* CPString.h */,
				9090E9DD12E81D73000F1EB7 /* CPString.c */,
				9090E9E112E81D73000F1EB7 /* CPURL.h */,
				9090E9E012E81D73000F1EB7 /* CPURL.c */,
			);
			name = Types;
			sourceTree = "<group>";
		};
		907EB97A12E29D8F00D20413 /* Math */ = {
			isa = PBXGroup;
			children = (
				9090E9D012E81D73000F1EB7 /* CPMath.h */,
				9090E9DB12E81D73000F1EB7 /* CPSafeMath.h */,
			);
			name = Math;
			sourceTree = "<group>";
		};
		C6A0FF2B0290797F04C91782 /* Documentation */ = {
			isa = PBXGroup;
			children = (
			);
			name = Documentation;
			sourceTree = "<group>";
		};
/* End PBXGroup section */

/* Begin PBXHeadersBuildPhase section */
		907EB82512E24F0500D20413 /* Headers */ = {
			isa = PBXHeadersBuildPhase;
			buildActionMask = 2147483647;
			files = (
				9090E9FF12E81D73000F1EB7 /* CorePlatform.h in Headers */,
				9090EA0012E81D73000F1EB7 /* CPAnnotations.h in Headers */,
				9090EA0212E81D73000F1EB7 /* CPArray.h in Headers */,
				9090EA0312E81D73000F1EB7 /* CPAtomic.h in Headers */,
				9090EA0412E81D73000F1EB7 /* CPCodeUtilities.h in Headers */,
				9090EA0512E81D73000F1EB7 /* CPCommon.h in Headers */,
				9090EA0612E81D73000F1EB7 /* CPConfig.h in Headers */,
				9090EA0712E81D73000F1EB7 /* CPDebugging.h in Headers */,
				9090EA0912E81D73000F1EB7 /* CPLinkedList.h in Headers */,
				9090EA0A12E81D73000F1EB7 /* CPMath.h in Headers */,
				9090EA0C12E81D73000F1EB7 /* CPMemory.h in Headers */,
				9090EA0E12E81D73000F1EB7 /* CPObject.h in Headers */,
				9090EA1312E81D73000F1EB7 /* CPPAL.h in Headers */,
				9090EA1412E81D73000F1EB7 /* CPPlatform.h in Headers */,
				9090EA1512E81D73000F1EB7 /* CPSafeMath.h in Headers */,
				9090EA1612E81D73000F1EB7 /* CPStr.h in Headers */,
				9090EA1812E81D73000F1EB7 /* CPString.h in Headers */,
				9090EA1912E81D73000F1EB7 /* CPTypes.h in Headers */,
				9090EA1B12E81D73000F1EB7 /* CPURL.h in Headers */,
			);
			runOnlyForDeploymentPostprocessing = 0;
		};
		D2AAC043055464E500DB518D /* Headers */ = {
			isa = PBXHeadersBuildPhase;
			buildActionMask = 2147483647;
			files = (
				9090E9E212E81D73000F1EB7 /* CorePlatform.h in Headers */,
				9090E9E312E81D73000F1EB7 /* CPAnnotations.h in Headers */,
				9090E9E512E81D73000F1EB7 /* CPArray.h in Headers */,
				9090E9E612E81D73000F1EB7 /* CPAtomic.h in Headers */,
				9090E9E712E81D73000F1EB7 /* CPCodeUtilities.h in Headers */,
				9090E9E812E81D73000F1EB7 /* CPCommon.h in Headers */,
				9090E9E912E81D73000F1EB7 /* CPConfig.h in Headers */,
				9090E9EA12E81D73000F1EB7 /* CPDebugging.h in Headers */,
				9090E9EC12E81D73000F1EB7 /* CPLinkedList.h in Headers */,
				9090E9ED12E81D73000F1EB7 /* CPMath.h in Headers */,
				9090E9EF12E81D73000F1EB7 /* CPMemory.h in Headers */,
				9090E9F112E81D73000F1EB7 /* CPObject.h in Headers */,
				9090E9F612E81D73000F1EB7 /* CPPAL.h in Headers */,
				9090E9F712E81D73000F1EB7 /* CPPlatform.h in Headers */,
				9090E9F812E81D73000F1EB7 /* CPSafeMath.h in Headers */,
				9090E9F912E81D73000F1EB7 /* CPStr.h in Headers */,
				9090E9FB12E81D73000F1EB7 /* CPString.h in Headers */,
				9090E9FC12E81D73000F1EB7 /* CPTypes.h in Headers */,
				9090E9FE12E81D73000F1EB7 /* CPURL.h in Headers */,
			);
			runOnlyForDeploymentPostprocessing = 0;
		};
/* End PBXHeadersBuildPhase section */

/* Begin PBXNativeTarget section */
		907EB82812E24F0500D20413 /* CorePlatform-iOS */ = {
			isa = PBXNativeTarget;
			buildConfigurationList = 907EB82C12E24F8D00D20413 /* Build configuration list for PBXNativeTarget "CorePlatform-iOS" */;
			buildPhases = (
				907EB82512E24F0500D20413 /* Headers */,
				907EB82612E24F0500D20413 /* Sources */,
				907EB82712E24F0500D20413 /* Frameworks */,
			);
			buildRules = (
			);
			dependencies = (
			);
			name = "CorePlatform-iOS";
			productName = "CorePlatform-iOS";
			productReference = 907EB82912E24F0500D20413 /* libCorePlatform-iOS.a */;
			productType = "com.apple.product-type.library.static";
		};
		D2AAC045055464E500DB518D /* CorePlatform-OSX */ = {
			isa = PBXNativeTarget;
			buildConfigurationList = 1DEB91EB08733DB70010E9CD /* Build configuration list for PBXNativeTarget "CorePlatform-OSX" */;
			buildPhases = (
				D2AAC043055464E500DB518D /* Headers */,
				D2AAC044055464E500DB518D /* Sources */,
				D289987405E68DCB004EDB86 /* Frameworks */,
			);
			buildRules = (
			);
			dependencies = (
			);
			name = "CorePlatform-OSX";
			productName = CorePlatform;
			productReference = D2AAC046055464E500DB518D /* libCorePlatform-OSX.a */;
			productType = "com.apple.product-type.library.static";
		};
/* End PBXNativeTarget section */

/* Begin PBXProject section */
		08FB7793FE84155DC02AAC07 /* Project object */ = {
			isa = PBXProject;
			attributes = {
				BuildIndependentTargetsInParallel = YES;
				ORGANIZATIONNAME = "Ben Vanik";
			};
			buildConfigurationList = 1DEB91EF08733DB70010E9CD /* Build configuration list for PBXProject "CorePlatform" */;
			compatibilityVersion = "Xcode 3.1";
			developmentRegion = English;
			hasScannedForEncodings = 1;
			knownRegions = (
				English,
				Japanese,
				French,
				German,
			);
			mainGroup = 08FB7794FE84155DC02AAC07 /* CorePlatform */;
			projectDirPath = "";
			projectRoot = "";
			targets = (
				D2AAC045055464E500DB518D /* CorePlatform-OSX */,
				907EB82812E24F0500D20413 /* CorePlatform-iOS */,
			);
		};
/* End PBXProject section */

/* Begin PBXSourcesBuildPhase section */
		907EB82612E24F0500D20413 /* Sources */ = {
			isa = PBXSourcesBuildPhase;
			buildActionMask = 2147483647;
			files = (
				9090EA0112E81D73000F1EB7 /* CPArray.c in Sources */,
				9090EA0812E81D73000F1EB7 /* CPLinkedList.c in Sources */,
				9090EA0B12E81D73000F1EB7 /* CPMemory.c in Sources */,
				9090EA0D12E81D73000F1EB7 /* CPObject.c in Sources */,
				9090EA0F12E81D73000F1EB7 /* CPPAL-OSX.c in Sources */,
				9090EA1212E81D73000F1EB7 /* CPPAL.c in Sources */,
				9090EA1712E81D73000F1EB7 /* CPString.c in Sources */,
				9090EA1A12E81D73000F1EB7 /* CPURL.c in Sources */,
			);
			runOnlyForDeploymentPostprocessing = 0;
		};
		D2AAC044055464E500DB518D /* Sources */ = {
			isa = PBXSourcesBuildPhase;
			buildActionMask = 2147483647;
			files = (
				9090E9E412E81D73000F1EB7 /* CPArray.c in Sources */,
				9090E9EB12E81D73000F1EB7 /* CPLinkedList.c in Sources */,
				9090E9EE12E81D73000F1EB7 /* CPMemory.c in Sources */,
				9090E9F012E81D73000F1EB7 /* CPObject.c in Sources */,
				9090E9F212E81D73000F1EB7 /* CPPAL-OSX.c in Sources */,
				9090E9F512E81D73000F1EB7 /* CPPAL.c in Sources */,
				9090E9FA12E81D73000F1EB7 /* CPString.c in Sources */,
				9090E9FD12E81D73000F1EB7 /* CPURL.c in Sources */,
			);
			runOnlyForDeploymentPostprocessing = 0;
		};
/* End PBXSourcesBuildPhase section */

/* Begin XCBuildConfiguration section */
		1DEB91EC08733DB70010E9CD /* Debug */ = {
			isa = XCBuildConfiguration;
			buildSettings = {
				ALWAYS_SEARCH_USER_PATHS = NO;
				CONFIGURATION_BUILD_DIR = "$(BUILD_DIR)/$(CONFIGURATION)$(EFFECTIVE_PLATFORM_NAME)-macos";
				CONFIGURATION_TEMP_DIR = "$(PROJECT_TEMP_DIR)/$(CONFIGURATION)$(EFFECTIVE_PLATFORM_NAME)-macos";
				COPY_PHASE_STRIP = NO;
				GCC_DYNAMIC_NO_PIC = NO;
				GCC_ENABLE_FIX_AND_CONTINUE = YES;
				GCC_MODEL_TUNING = G5;
				GCC_OPTIMIZATION_LEVEL = 0;
				PRODUCT_NAME = "CorePlatform-OSX";
				PUBLIC_HEADERS_FOLDER_PATH = CorePlatform;
			};
			name = Debug;
		};
		1DEB91ED08733DB70010E9CD /* Release */ = {
			isa = XCBuildConfiguration;
			buildSettings = {
				ALWAYS_SEARCH_USER_PATHS = NO;
				CONFIGURATION_BUILD_DIR = "$(BUILD_DIR)/$(CONFIGURATION)$(EFFECTIVE_PLATFORM_NAME)-macos";
				CONFIGURATION_TEMP_DIR = "$(PROJECT_TEMP_DIR)/$(CONFIGURATION)$(EFFECTIVE_PLATFORM_NAME)-macos";
				DEBUG_INFORMATION_FORMAT = "dwarf-with-dsym";
				GCC_MODEL_TUNING = G5;
				PRODUCT_NAME = "CorePlatform-OSX";
				PUBLIC_HEADERS_FOLDER_PATH = CorePlatform;
			};
			name = Release;
		};
		1DEB91F008733DB70010E9CD /* Debug */ = {
			isa = XCBuildConfiguration;
			buildSettings = {
				ARCHS = "$(ARCHS_STANDARD_32_64_BIT)";
				GCC_C_LANGUAGE_STANDARD = gnu99;
				GCC_OPTIMIZATION_LEVEL = 0;
				GCC_WARN_ABOUT_RETURN_TYPE = YES;
				GCC_WARN_UNUSED_VARIABLE = YES;
				HEADER_SEARCH_PATHS = .;
				ONLY_ACTIVE_ARCH = YES;
				PREBINDING = NO;
				SDKROOT = macosx10.6;
				SYMROOT = ../build;
			};
			name = Debug;
		};
		1DEB91F108733DB70010E9CD /* Release */ = {
			isa = XCBuildConfiguration;
			buildSettings = {
				ARCHS = "$(ARCHS_STANDARD_32_64_BIT)";
				GCC_C_LANGUAGE_STANDARD = gnu99;
				GCC_WARN_ABOUT_RETURN_TYPE = YES;
				GCC_WARN_UNUSED_VARIABLE = YES;
				HEADER_SEARCH_PATHS = .;
				PREBINDING = NO;
				SDKROOT = macosx10.6;
				SYMROOT = ../build;
			};
			name = Release;
		};
		907EB82A12E24F0500D20413 /* Debug */ = {
			isa = XCBuildConfiguration;
			buildSettings = {
				ALWAYS_SEARCH_USER_PATHS = NO;
				ARCHS = "$(ARCHS_STANDARD_32_BIT)";
				COPY_PHASE_STRIP = NO;
				GCC_DYNAMIC_NO_PIC = NO;
				GCC_OPTIMIZATION_LEVEL = 0;
				PREBINDING = NO;
				PRODUCT_NAME = "CorePlatform-iOS";
				PUBLIC_HEADERS_FOLDER_PATH = CorePlatform;
				SDKROOT = iphoneos;
			};
			name = Debug;
		};
		907EB82B12E24F0500D20413 /* Release */ = {
			isa = XCBuildConfiguration;
			buildSettings = {
				ALWAYS_SEARCH_USER_PATHS = NO;
				ARCHS = "$(ARCHS_STANDARD_32_BIT)";
				COPY_PHASE_STRIP = YES;
				DEBUG_INFORMATION_FORMAT = "dwarf-with-dsym";
				GCC_ENABLE_FIX_AND_CONTINUE = NO;
				PREBINDING = NO;
				PRODUCT_NAME = "CorePlatform-iOS";
				PUBLIC_HEADERS_FOLDER_PATH = CorePlatform;
				SDKROOT = iphoneos;
				ZERO_LINK = NO;
			};
			name = Release;
		};
/* End XCBuildConfiguration section */

/* Begin XCConfigurationList section */
		1DEB91EB08733DB70010E9CD /* Build configuration list for PBXNativeTarget "CorePlatform-OSX" */ = {
			isa = XCConfigurationList;
			buildConfigurations = (
				1DEB91EC08733DB70010E9CD /* Debug */,
				1DEB91ED08733DB70010E9CD /* Release */,
			);
			defaultConfigurationIsVisible = 0;
			defaultConfigurationName = Release;
		};
		1DEB91EF08733DB70010E9CD /* Build configuration list for PBXProject "CorePlatform" */ = {
			isa = XCConfigurationList;
			buildConfigurations = (
				1DEB91F008733DB70010E9CD /* Debug */,
				1DEB91F108733DB70010E9CD /* Release */,
			);
			defaultConfigurationIsVisible = 0;
			defaultConfigurationName = Release;
		};
		907EB82C12E24F8D00D20413 /* Build configuration list for PBXNativeTarget "CorePlatform-iOS" */ = {
			isa = XCConfigurationList;
			buildConfigurations = (
				907EB82A12E24F0500D20413 /* Debug */,
				907EB82B12E24F0500D20413 /* Release */,
			);
			defaultConfigurationIsVisible = 0;
			defaultConfigurationName = Release;
		};
/* End XCConfigurationList section */
	};
	rootObject = 08FB7793FE84155DC02AAC07 /* Project object */;
}
